{
  "nodes": {
    "nixpkgs": {
      "locked": {
        "lastModified": 1677523218,
        "narHash": "sha256-7L7ML3sngVz4EEO+4/f1auwM4Yi7ty+rghiCDWf5T2M=",
        "owner": "NixOS",
        "repo": "nixpkgs",
        "rev": "36ea86257bfbbc1d7f52f5676082e2f4c33e9b19",
        "type": "github"
      },
      "original": {
        "owner": "NixOS",
        "repo": "nixpkgs",
        "type": "github"
      }
    },
    "root": {
      "inputs": {
        "nixpkgs": "nixpkgs"
      }
    }
  },
  "root": "root",
  "version": 7
}
